
Microsoft Visual Studio Solution File, Format Version 12.00
# Visual Studio Version 16
VisualStudioVersion = 16.0.30320.27
MinimumVisualStudioVersion = 10.0.40219.1
Project("{FAE04EC0-301F-11D3-BF4B-00C04F79EFBC}") = "EFCoreTestApp", "EFCoreTestApp\EFCoreTestApp.csproj", "{C6F2B152-CFBF-4565-A206-AC9FFEDEE1B7}"
EndProject
Global
	GlobalSection(SolutionConfigurationPlatforms) = preSolution
		Debug|Any CPU = Debug|Any CPU
		Release|Any CPU = Release|Any CPU
	EndGlobalSection
	GlobalSection(ProjectConfigurationPlatforms) = postSolution
		{C6F2B152-CFBF-4565-A206-AC9FFEDEE1B7}.Debug|Any CPU.ActiveCfg = Debug|Any CPU
		{C6F2B152-CFBF-4565-A206-AC9FFEDEE1B7}.Debug|Any CPU.Build.0 = Debug|Any CPU
		{C6F2B152-CFBF-4565-A206-AC9FFEDEE1B7}.Release|Any CPU.ActiveCfg = Release|Any CPU
		{C6F2B152-CFBF-4565-A206-AC9FFEDEE1B7}.Release|Any CPU.Build.0 = Release|Any CPU
	EndGlobalSection
	GlobalSection(SolutionProperties) = preSolution
		HideSolutionNode = FALSE
	EndGlobalSection
	GlobalSection(ExtensibilityGlobals) = postSolution
		SolutionGuid = {87087AF9-7D93-4444-A884-EE15A4E2C822}
	EndGlobalSection
EndGlobal
